
Microsoft Visual Studio Solution File, Format Version 12.00
# Visual Studio Version 17
VisualStudioVersion = 17.4.33122.133
MinimumVisualStudioVersion = 10.0.40219.1
Project("{FAE04EC0-301F-11D3-BF4B-00C04F79EFBC}") = "MinimalApiTeste", "MinimalApiTeste\MinimalApiTeste.csproj", "{161C68E8-511B-4B45-A3D7-888DEECA0C3C}"
EndProject
Global
	GlobalSection(SolutionConfigurationPlatforms) = preSolution
		Debug|Any CPU = Debug|Any CPU
		Release|Any CPU = Release|Any CPU
	EndGlobalSection
	GlobalSection(ProjectConfigurationPlatforms) = postSolution
		{161C68E8-511B-4B45-A3D7-888DEECA0C3C}.Debug|Any CPU.ActiveCfg = Debug|Any CPU
		{161C68E8-511B-4B45-A3D7-888DEECA0C3C}.Debug|Any CPU.Build.0 = Debug|Any CPU
		{161C68E8-511B-4B45-A3D7-888DEECA0C3C}.Release|Any CPU.ActiveCfg = Release|Any CPU
		{161C68E8-511B-4B45-A3D7-888DEECA0C3C}.Release|Any CPU.Build.0 = Release|Any CPU
	EndGlobalSection
	GlobalSection(SolutionProperties) = preSolution
		HideSolutionNode = FALSE
	EndGlobalSection
	GlobalSection(ExtensibilityGlobals) = postSolution
		SolutionGuid = {0278542D-1C34-41E8-A69C-719460EC318D}
	EndGlobalSection
EndGlobal
